// !$*UTF8*$!
{
	archiveVersion = 1;
	classes = {
	};
	objectVersion = 46;
	objects = {

/* Begin PBXBuildFile section */
		D95EDFA31C6FB3C10053E993 /* AppDelegate.swift in Sources */ = {isa = PBXBuildFile; fileRef = D95EDFA21C6FB3C10053E993 /* AppDelegate.swift */; };
		D95EDFA51C6FB3C10053E993 /* ViewController.swift in Sources */ = {isa = PBXBuildFile; fileRef = D95EDFA41C6FB3C10053E993 /* ViewController.swift */; };
		D95EDFA81C6FB3C10053E993 /* Main.storyboard in Resources */ = {isa = PBXBuildFile; fileRef = D95EDFA61C6FB3C10053E993 /* Main.storyboard */; };
		D95EDFAA1C6FB3C10053E993 /* Assets.xcassets in Resources */ = {isa = PBXBuildFile; fileRef = D95EDFA91C6FB3C10053E993 /* Assets.xcassets */; };
		D95EDFAD1C6FB3C10053E993 /* LaunchScreen.storyboard in Resources */ = {isa = PBXBuildFile; fileRef = D95EDFAB1C6FB3C10053E993 /* LaunchScreen.storyboard */; };
/* End PBXBuildFile section */

/* Begin PBXFileReference section */
		D95EDF9F1C6FB3C10053E993 /* Section 2 Exercise 1.app */ = {isa = PBXFileReference; explicitFileType = wrapper.application; includeInIndex = 0; path = "Section 2 Exercise 1.app"; sourceTree = BUILT_PRODUCTS_DIR; };
		D95EDFA21C6FB3C10053E993 /* AppDelegate.swift */ = {isa = PBXFileReference; lastKnownFileType = sourcecode.swift; path = AppDelegate.swift; sourceTree = "<group>"; };
		D95EDFA41C6FB3C10053E993 /* ViewController.swift */ = {isa = PBXFileReference; lastKnownFileType = sourcecode.swift; path = ViewController.swift; sourceTree = "<group>"; };
		D95EDFA71C6FB3C10053E993 /* Base */ = {isa = PBXFileReference; lastKnownFileType = file.storyboard; name = Base; path = Base.lproj/Main.storyboard; sourceTree = "<group>"; };
		D95EDFA91C6FB3C10053E993 /* Assets.xcassets */ = {isa = PBXFileReference; lastKnownFileType = folder.assetcatalog; path = Assets.xcassets; sourceTree = "<group>"; };
		D95EDFAC1C6FB3C10053E993 /* Base */ = {isa = PBXFileReference; lastKnownFileType = file.storyboard; name = Base; path = Base.lproj/LaunchScreen.storyboard; sourceTree = "<group>"; };
		D95EDFAE1C6FB3C10053E993 /* Info.plist */ = {isa = PBXFileReference; lastKnownFileType = text.plist.xml; path = Info.plist; sourceTree = "<group>"; };
/* End PBXFileReference section */

/* Begin PBXFrameworksBuildPhase section */
		D95EDF9C1C6FB3C10053E993 /* Frameworks */ = {
			isa = PBXFrameworksBuildPhase;
			buildActionMask = 2147483647;
			files = (
			);
			runOnlyForDeploymentPostprocessing = 0;
		};
/* End PBXFrameworksBuildPhase section */

/* Begin PBXGroup section */
		D95EDF961C6FB3C10053E993 = {
			isa = PBXGroup;
			children = (
				D95EDFA11C6FB3C10053E993 /* Section 2 Exercise 1 */,
				D95EDFA01C6FB3C10053E993 /* Products */,
			);
			sourceTree = "<group>";
		};
		D95EDFA01C6FB3C10053E993 /* Products */ = {
			isa = PBXGroup;
			children = (
				D95EDF9F1C6FB3C10053E993 /* Section 2 Exercise 1.app */,
			);
			name = Products;
			sourceTree = "<group>";
		};
		D95EDFA11C6FB3C10053E993 /* Section 2 Exercise 1 */ = {
			isa = PBXGroup;
			children = (
				D95EDFA21C6FB3C10053E993 /* AppDelegate.swift */,
				D95EDFA41C6FB3C10053E993 /* ViewController.swift */,
				D95EDFA61C6FB3C10053E993 /* Main.storyboard */,
				D95EDFA91C6FB3C10053E993 /* Assets.xcassets */,
				D95EDFAB1C6FB3C10053E993 /* LaunchScreen.storyboard */,
				D95EDFAE1C6FB3C10053E993 /* Info.plist */,
			);
			path = "Section 2 Exercise 1";
			sourceTree = "<group>";
		};
/* End PBXGroup section */

/* Begin PBXNativeTarget section */
		D95EDF9E1C6FB3C10053E993 /* Section 2 Exercise 1 */ = {
			isa = PBXNativeTarget;
			buildConfigurationList = D95EDFB11C6FB3C10053E993 /* Build configuration list for PBXNativeTarget "Section 2 Exercise 1" */;
			buildPhases = (
				D95EDF9B1C6FB3C10053E993 /* Sources */,
				D95EDF9C1C6FB3C10053E993 /* Frameworks */,
				D95EDF9D1C6FB3C10053E993 /* Resources */,
			);
			buildRules = (
			);
			dependencies = (
			);
			name = "Section 2 Exercise 1";
			productName = "Section 2 Exercise 1";
			productReference = D95EDF9F1C6FB3C10053E993 /* Section 2 Exercise 1.app */;
			productType = "com.apple.product-type.application";
		};
/* End PBXNativeTarget section */

/* Begin PBXProject section */
		D95EDF971C6FB3C10053E993 /* Project object */ = {
			isa = PBXProject;
			attributes = {
				LastSwiftUpdateCheck = 0720;
				LastUpgradeCheck = 0720;
				ORGANIZATIONNAME = "Austin Chen";
				TargetAttributes = {
					D95EDF9E1C6FB3C10053E993 = {
						CreatedOnToolsVersion = 7.2;
					};
				};
			};
			buildConfigurationList = D95EDF9A1C6FB3C10053E993 /* Build configuration list for PBXProject "Section 2 Exercise 1" */;
			compatibilityVersion = "Xcode 3.2";
			developmentRegion = English;
			hasScannedForEncodings = 0;
			knownRegions = (
				en,
				Base,
			);
			mainGroup = D95EDF961C6FB3C10053E993;
			productRefGroup = D95EDFA01C6FB3C10053E993 /* Products */;
			projectDirPath = "";
			projectRoot = "";
			targets = (
				D95EDF9E1C6FB3C10053E993 /* Section 2 Exercise 1 */,
			);
		};
/* End PBXProject section */

/* Begin PBXResourcesBuildPhase section */
		D95EDF9D1C6FB3C10053E993 /* Resources */ = {
			isa = PBXResourcesBuildPhase;
			buildActionMask = 2147483647;
			files = (
				D95EDFAD1C6FB3C10053E993 /* LaunchScreen.storyboard in Resources */,
				D95EDFAA1C6FB3C10053E993 /* Assets.xcassets in Resources */,
				D95EDFA81C6FB3C10053E993 /* Main.storyboard in Resources */,
			);
			runOnlyForDeploymentPostprocessing = 0;
		};
/* End PBXResourcesBuildPhase section */

/* Begin PBXSourcesBuildPhase section */
		D95EDF9B1C6FB3C10053E993 /* Sources */ = {
			isa = PBXSourcesBuildPhase;
			buildActionMask = 2147483647;
			files = (
				D95EDFA51C6FB3C10053E993 /* ViewController.swift in Sources */,
				D95EDFA31C6FB3C10053E993 /* AppDelegate.swift in Sources */,
			);
			runOnlyForDeploymentPostprocessing = 0;
		};
/* End PBXSourcesBuildPhase section */

/* Begin PBXVariantGroup section */
		D95EDFA61C6FB3C10053E993 /* Main.storyboard */ = {
			isa = PBXVariantGroup;
			children = (
				D95EDFA71C6FB3C10053E993 /* Base */,
			);
			name = Main.storyboard;
			sourceTree = "<group>";
		};
		D95EDFAB1C6FB3C10053E993 /* LaunchScreen.storyboard */ = {
			isa = PBXVariantGroup;
			children = (
				D95EDFAC1C6FB3C10053E993 /* Base */,
			);
			name = LaunchScreen.storyboard;
			sourceTree = "<group>";
		};
/* End PBXVariantGroup section */

/* Begin XCBuildConfiguration section */
		D95EDFAF1C6FB3C10053E993 /* Debug */ = {
			isa = XCBuildConfiguration;
			buildSettings = {
				ALWAYS_SEARCH_USER_PATHS = NO;
				CLANG_CXX_LANGUAGE_STANDARD = "gnu++0x";
				CLANG_CXX_LIBRARY = "libc++";
				CLANG_ENABLE_MODULES = YES;
				CLANG_ENABLE_OBJC_ARC = YES;
				CLANG_WARN_BOOL_CONVERSION = YES;
				CLANG_WARN_CONSTANT_CONVERSION = YES;
				CLANG_WARN_DIRECT_OBJC_ISA_USAGE = YES_ERROR;
				CLANG_WARN_EMPTY_BODY = YES;
				CLANG_WARN_ENUM_CONVERSION = YES;
				CLANG_WARN_INT_CONVERSION = YES;
				CLANG_WARN_OBJC_ROOT_CLASS = YES_ERROR;
				CLANG_WARN_UNREACHABLE_CODE = YES;
				CLANG_WARN__DUPLICATE_METHOD_MATCH = YES;
				"CODE_SIGN_IDENTITY[sdk=iphoneos*]" = "iPhone Developer";
				COPY_PHASE_STRIP = NO;
				DEBUG_INFORMATION_FORMAT = dwarf;
				ENABLE_STRICT_OBJC_MSGSEND = YES;
				ENABLE_TESTABILITY = YES;
				GCC_C_LANGUAGE_STANDARD = gnu99;
				GCC_DYNAMIC_NO_PIC = NO;
				GCC_NO_COMMON_BLOCKS = YES;
				GCC_OPTIMIZATION_LEVEL = 0;
				GCC_PREPROCESSOR_DEFINITIONS = (
					"DEBUG=1",
					"$(inherited)",
				);
				GCC_WARN_64_TO_32_BIT_CONVERSION = YES;
				GCC_WARN_ABOUT_RETURN_TYPE = YES_ERROR;
				GCC_WARN_UNDECLARED_SELECTOR = YES;
				GCC_WARN_UNINITIALIZED_AUTOS = YES_AGGRESSIVE;
				GCC_WARN_UNUSED_FUNCTION = YES;
				GCC_WARN_UNUSED_VARIABLE = YES;
				IPHONEOS_DEPLOYMENT_TARGET = 9.2;
				MTL_ENABLE_DEBUG_INFO = YES;
				ONLY_ACTIVE_ARCH = YES;
				SDKROOT = iphoneos;
				SWIFT_OPTIMIZATION_LEVEL = "-Onone";
			};
			name = Debug;
		};
		D95EDFB01C6FB3C10053E993 /* Release */ = {
			isa = XCBuildConfiguration;
			buildSettings = {
				ALWAYS_SEARCH_USER_PATHS = NO;
				CLANG_CXX_LANGUAGE_STANDARD = "gnu++0x";
				CLANG_CXX_LIBRARY = "libc++";
				CLANG_ENABLE_MODULES = YES;
				CLANG_ENABLE_OBJC_ARC = YES;
				CLANG_WARN_BOOL_CONVERSION = YES;
				CLANG_WARN_CONSTANT_CONVERSION = YES;
				CLANG_WARN_DIRECT_OBJC_ISA_USAGE = YES_ERROR;
				CLANG_WARN_EMPTY_BODY = YES;
				CLANG_WARN_ENUM_CONVERSION = YES;
				CLANG_WARN_INT_CONVERSION = YES;
				CLANG_WARN_OBJC_ROOT_CLASS = YES_ERROR;
				CLANG_WARN_UNREACHABLE_CODE = YES;
				CLANG_WARN__DUPLICATE_METHOD_MATCH = YES;
				"CODE_SIGN_IDENTITY[sdk=iphoneos*]" = "iPhone Developer";
				COPY_PHASE_STRIP = NO;
				DEBUG_INFORMATION_FORMAT = "dwarf-with-dsym";
				ENABLE_NS_ASSERTIONS = NO;
				ENABLE_STRICT_OBJC_MSGSEND = YES;
				GCC_C_LANGUAGE_STANDARD = gnu99;
				GCC_NO_COMMON_BLOCKS = YES;
				GCC_WARN_64_TO_32_BIT_CONVERSION = YES;
				GCC_WARN_ABOUT_RETURN_TYPE = YES_ERROR;
				GCC_WARN_UNDECLARED_SELECTOR = YES;
				GCC_WARN_UNINITIALIZED_AUTOS = YES_AGGRESSIVE;
				GCC_WARN_UNUSED_FUNCTION = YES;
				GCC_WARN_UNUSED_VARIABLE = YES;
				IPHONEOS_DEPLOYMENT_TARGET = 9.2;
				MTL_ENABLE_DEBUG_INFO = NO;
				SDKROOT = iphoneos;
				VALIDATE_PRODUCT = YES;
			};
			name = Release;
		};
		D95EDFB21C6FB3C10053E993 /* Debug */ = {
			isa = XCBuildConfiguration;
			buildSettings = {
				ASSETCATALOG_COMPILER_APPICON_NAME = AppIcon;
				INFOPLIST_FILE = "Section 2 Exercise 1/Info.plist";
				LD_RUNPATH_SEARCH_PATHS = "$(inherited) @executable_path/Frameworks";
				PRODUCT_BUNDLE_IDENTIFIER = "com.Austin-Chen.Section-2-Exercise-1";
				PRODUCT_NAME = "$(TARGET_NAME)";
				TARGETED_DEVICE_FAMILY = 1;
			};
			name = Debug;
		};
		D95EDFB31C6FB3C10053E993 /* Release */ = {
			isa = XCBuildConfiguration;
			buildSettings = {
				ASSETCATALOG_COMPILER_APPICON_NAME = AppIcon;
				INFOPLIST_FILE = "Section 2 Exercise 1/Info.plist";
				LD_RUNPATH_SEARCH_PATHS = "$(inherited) @executable_path/Frameworks";
				PRODUCT_BUNDLE_IDENTIFIER = "com.Austin-Chen.Section-2-Exercise-1";
				PRODUCT_NAME = "$(TARGET_NAME)";
				TARGETED_DEVICE_FAMILY = 1;
			};
			name = Release;
		};
/* End XCBuildConfiguration section */

/* Begin XCConfigurationList section */
		D95EDF9A1C6FB3C10053E993 /* Build configuration list for PBXProject "Section 2 Exercise 1" */ = {
			isa = XCConfigurationList;
			buildConfigurations = (
				D95EDFAF1C6FB3C10053E993 /* Debug */,
				D95EDFB01C6FB3C10053E993 /* Release */,
			);
			defaultConfigurationIsVisible = 0;
			defaultConfigurationName = Release;
		};
		D95EDFB11C6FB3C10053E993 /* Build configuration list for PBXNativeTarget "Section 2 Exercise 1" */ = {
			isa = XCConfigurationList;
			buildConfigurations = (
				D95EDFB21C6FB3C10053E993 /* Debug */,
				D95EDFB31C6FB3C10053E993 /* Release */,
			);
			defaultConfigurationIsVisible = 0;
		};
/* End XCConfigurationList section */
	};
	rootObject = D95EDF971C6FB3C10053E993 /* Project object */;
}
